// !$*UTF8*$!
{
	archiveVersion = 1;
	classes = {
	};
	objectVersion = 46;
	objects = {

/* Begin PBXBuildFile section */
		3033B185193DFACE008F3E54 /* main.m in Sources */ = {isa = PBXBuildFile; fileRef = 3033B184193DFACE008F3E54 /* main.m */; };
		3033B188193DFACE008F3E54 /* AppDelegate.m in Sources */ = {isa = PBXBuildFile; fileRef = 3033B187193DFACE008F3E54 /* AppDelegate.m */; };
		3033B18A193DFACE008F3E54 /* Images.xcassets in Resources */ = {isa = PBXBuildFile; fileRef = 3033B189193DFACE008F3E54 /* Images.xcassets */; };
		3033B18D193DFACE008F3E54 /* MainMenu.xib in Resources */ = {isa = PBXBuildFile; fileRef = 3033B18B193DFACE008F3E54 /* MainMenu.xib */; };
		3033B199193DFACE008F3E54 /* objcTestTests.m in Sources */ = {isa = PBXBuildFile; fileRef = 3033B198193DFACE008F3E54 /* objcTestTests.m */; };
/* End PBXBuildFile section */

/* Begin PBXContainerItemProxy section */
		3033B193193DFACE008F3E54 /* PBXContainerItemProxy */ = {
			isa = PBXContainerItemProxy;
			containerPortal = 3033B177193DFACE008F3E54 /* Project object */;
			proxyType = 1;
			remoteGlobalIDString = 3033B17E193DFACE008F3E54;
			remoteInfo = objcTest;
		};
/* End PBXContainerItemProxy section */

/* Begin PBXFileReference section */
		3033B17F193DFACE008F3E54 /* objcTest.app */ = {isa = PBXFileReference; explicitFileType = wrapper.application; includeInIndex = 0; path = objcTest.app; sourceTree = BUILT_PRODUCTS_DIR; };
		3033B183193DFACE008F3E54 /* Info.plist */ = {isa = PBXFileReference; lastKnownFileType = text.plist.xml; path = Info.plist; sourceTree = "<group>"; };
		3033B184193DFACE008F3E54 /* main.m */ = {isa = PBXFileReference; lastKnownFileType = sourcecode.c.objc; path = main.m; sourceTree = "<group>"; };
		3033B186193DFACE008F3E54 /* AppDelegate.h */ = {isa = PBXFileReference; lastKnownFileType = sourcecode.c.h; path = AppDelegate.h; sourceTree = "<group>"; };
		3033B187193DFACE008F3E54 /* AppDelegate.m */ = {isa = PBXFileReference; lastKnownFileType = sourcecode.c.objc; path = AppDelegate.m; sourceTree = "<group>"; };
		3033B189193DFACE008F3E54 /* Images.xcassets */ = {isa = PBXFileReference; lastKnownFileType = folder.assetcatalog; path = Images.xcassets; sourceTree = "<group>"; };
		3033B18C193DFACE008F3E54 /* Base */ = {isa = PBXFileReference; lastKnownFileType = file.xib; name = Base; path = Base.lproj/MainMenu.xib; sourceTree = "<group>"; };
		3033B192193DFACE008F3E54 /* objcTestTests.xctest */ = {isa = PBXFileReference; explicitFileType = wrapper.cfbundle; includeInIndex = 0; path = objcTestTests.xctest; sourceTree = BUILT_PRODUCTS_DIR; };
		3033B197193DFACE008F3E54 /* Info.plist */ = {isa = PBXFileReference; lastKnownFileType = text.plist.xml; path = Info.plist; sourceTree = "<group>"; };
		3033B198193DFACE008F3E54 /* objcTestTests.m */ = {isa = PBXFileReference; lastKnownFileType = sourcecode.c.objc; path = objcTestTests.m; sourceTree = "<group>"; };
/* End PBXFileReference section */

/* Begin PBXFrameworksBuildPhase section */
		3033B17C193DFACE008F3E54 /* Frameworks */ = {
			isa = PBXFrameworksBuildPhase;
			buildActionMask = 2147483647;
			files = (
			);
			runOnlyForDeploymentPostprocessing = 0;
		};
		3033B18F193DFACE008F3E54 /* Frameworks */ = {
			isa = PBXFrameworksBuildPhase;
			buildActionMask = 2147483647;
			files = (
			);
			runOnlyForDeploymentPostprocessing = 0;
		};
/* End PBXFrameworksBuildPhase section */

/* Begin PBXGroup section */
		3033B176193DFACE008F3E54 = {
			isa = PBXGroup;
			children = (
				3033B181193DFACE008F3E54 /* objcTest */,
				3033B195193DFACE008F3E54 /* objcTestTests */,
				3033B180193DFACE008F3E54 /* Products */,
			);
			sourceTree = "<group>";
		};
		3033B180193DFACE008F3E54 /* Products */ = {
			isa = PBXGroup;
			children = (
				3033B17F193DFACE008F3E54 /* objcTest.app */,
				3033B192193DFACE008F3E54 /* objcTestTests.xctest */,
			);
			name = Products;
			sourceTree = "<group>";
		};
		3033B181193DFACE008F3E54 /* objcTest */ = {
			isa = PBXGroup;
			children = (
				3033B186193DFACE008F3E54 /* AppDelegate.h */,
				3033B187193DFACE008F3E54 /* AppDelegate.m */,
				3033B189193DFACE008F3E54 /* Images.xcassets */,
				3033B18B193DFACE008F3E54 /* MainMenu.xib */,
				3033B182193DFACE008F3E54 /* Supporting Files */,
			);
			path = objcTest;
			sourceTree = "<group>";
		};
		3033B182193DFACE008F3E54 /* Supporting Files */ = {
			isa = PBXGroup;
			children = (
				3033B183193DFACE008F3E54 /* Info.plist */,
				3033B184193DFACE008F3E54 /* main.m */,
			);
			name = "Supporting Files";
			sourceTree = "<group>";
		};
		3033B195193DFACE008F3E54 /* objcTestTests */ = {
			isa = PBXGroup;
			children = (
				3033B198193DFACE008F3E54 /* objcTestTests.m */,
				3033B196193DFACE008F3E54 /* Supporting Files */,
			);
			path = objcTestTests;
			sourceTree = "<group>";
		};
		3033B196193DFACE008F3E54 /* Supporting Files */ = {
			isa = PBXGroup;
			children = (
				3033B197193DFACE008F3E54 /* Info.plist */,
			);
			name = "Supporting Files";
			sourceTree = "<group>";
		};
/* End PBXGroup section */

/* Begin PBXNativeTarget section */
		3033B17E193DFACE008F3E54 /* objcTest */ = {
			isa = PBXNativeTarget;
			buildConfigurationList = 3033B19C193DFACE008F3E54 /* Build configuration list for PBXNativeTarget "objcTest" */;
			buildPhases = (
				3033B17B193DFACE008F3E54 /* Sources */,
				3033B17C193DFACE008F3E54 /* Frameworks */,
				3033B17D193DFACE008F3E54 /* Resources */,
			);
			buildRules = (
			);
			dependencies = (
			);
			name = objcTest;
			productName = objcTest;
			productReference = 3033B17F193DFACE008F3E54 /* objcTest.app */;
			productType = "com.apple.product-type.application";
		};
		3033B191193DFACE008F3E54 /* objcTestTests */ = {
			isa = PBXNativeTarget;
			buildConfigurationList = 3033B19F193DFACE008F3E54 /* Build configuration list for PBXNativeTarget "objcTestTests" */;
			buildPhases = (
				3033B18E193DFACE008F3E54 /* Sources */,
				3033B18F193DFACE008F3E54 /* Frameworks */,
				3033B190193DFACE008F3E54 /* Resources */,
			);
			buildRules = (
			);
			dependencies = (
				3033B194193DFACE008F3E54 /* PBXTargetDependency */,
			);
			name = objcTestTests;
			productName = objcTestTests;
			productReference = 3033B192193DFACE008F3E54 /* objcTestTests.xctest */;
			productType = "com.apple.product-type.bundle.unit-test";
		};
/* End PBXNativeTarget section */

/* Begin PBXProject section */
		3033B177193DFACE008F3E54 /* Project object */ = {
			isa = PBXProject;
			attributes = {
				LastUpgradeCheck = 0600;
				ORGANIZATIONNAME = danny;
				TargetAttributes = {
					3033B17E193DFACE008F3E54 = {
						CreatedOnToolsVersion = 6.0;
					};
					3033B191193DFACE008F3E54 = {
						CreatedOnToolsVersion = 6.0;
						TestTargetID = 3033B17E193DFACE008F3E54;
					};
				};
			};
			buildConfigurationList = 3033B17A193DFACE008F3E54 /* Build configuration list for PBXProject "objcTest" */;
			compatibilityVersion = "Xcode 3.2";
			developmentRegion = English;
			hasScannedForEncodings = 0;
			knownRegions = (
				en,
				Base,
			);
			mainGroup = 3033B176193DFACE008F3E54;
			productRefGroup = 3033B180193DFACE008F3E54 /* Products */;
			projectDirPath = "";
			projectRoot = "";
			targets = (
				3033B17E193DFACE008F3E54 /* objcTest */,
				3033B191193DFACE008F3E54 /* objcTestTests */,
			);
		};
/* End PBXProject section */

/* Begin PBXResourcesBuildPhase section */
		3033B17D193DFACE008F3E54 /* Resources */ = {
			isa = PBXResourcesBuildPhase;
			buildActionMask = 2147483647;
			files = (
				3033B18A193DFACE008F3E54 /* Images.xcassets in Resources */,
				3033B18D193DFACE008F3E54 /* MainMenu.xib in Resources */,
			);
			runOnlyForDeploymentPostprocessing = 0;
		};
		3033B190193DFACE008F3E54 /* Resources */ = {
			isa = PBXResourcesBuildPhase;
			buildActionMask = 2147483647;
			files = (
			);
			runOnlyForDeploymentPostprocessing = 0;
		};
/* End PBXResourcesBuildPhase section */

/* Begin PBXSourcesBuildPhase section */
		3033B17B193DFACE008F3E54 /* Sources */ = {
			isa = PBXSourcesBuildPhase;
			buildActionMask = 2147483647;
			files = (
				3033B188193DFACE008F3E54 /* AppDelegate.m in Sources */,
				3033B185193DFACE008F3E54 /* main.m in Sources */,
			);
			runOnlyForDeploymentPostprocessing = 0;
		};
		3033B18E193DFACE008F3E54 /* Sources */ = {
			isa = PBXSourcesBuildPhase;
			buildActionMask = 2147483647;
			files = (
				3033B199193DFACE008F3E54 /* objcTestTests.m in Sources */,
			);
			runOnlyForDeploymentPostprocessing = 0;
		};
/* End PBXSourcesBuildPhase section */

/* Begin PBXTargetDependency section */
		3033B194193DFACE008F3E54 /* PBXTargetDependency */ = {
			isa = PBXTargetDependency;
			target = 3033B17E193DFACE008F3E54 /* objcTest */;
			targetProxy = 3033B193193DFACE008F3E54 /* PBXContainerItemProxy */;
		};
/* End PBXTargetDependency section */

/* Begin PBXVariantGroup section */
		3033B18B193DFACE008F3E54 /* MainMenu.xib */ = {
			isa = PBXVariantGroup;
			children = (
				3033B18C193DFACE008F3E54 /* Base */,
			);
			name = MainMenu.xib;
			sourceTree = "<group>";
		};
/* End PBXVariantGroup section */

/* Begin XCBuildConfiguration section */
		3033B19A193DFACE008F3E54 /* Debug */ = {
			isa = XCBuildConfiguration;
			buildSettings = {
				ALWAYS_SEARCH_USER_PATHS = NO;
				CLANG_CXX_LANGUAGE_STANDARD = "gnu++0x";
				CLANG_CXX_LIBRARY = "libc++";
				CLANG_ENABLE_MODULES = YES;
				CLANG_ENABLE_OBJC_ARC = YES;
				CLANG_WARN_BOOL_CONVERSION = YES;
				CLANG_WARN_CONSTANT_CONVERSION = YES;
				CLANG_WARN_DIRECT_OBJC_ISA_USAGE = YES_ERROR;
				CLANG_WARN_EMPTY_BODY = YES;
				CLANG_WARN_ENUM_CONVERSION = YES;
				CLANG_WARN_INT_CONVERSION = YES;
				CLANG_WARN_OBJC_ROOT_CLASS = YES_ERROR;
				CLANG_WARN_UNREACHABLE_CODE = YES;
				CLANG_WARN__DUPLICATE_METHOD_MATCH = YES;
				CODE_SIGN_IDENTITY = "-";
				COPY_PHASE_STRIP = NO;
				ENABLE_STRICT_OBJC_MSGSEND = YES;
				GCC_C_LANGUAGE_STANDARD = gnu99;
				GCC_DYNAMIC_NO_PIC = NO;
				GCC_OPTIMIZATION_LEVEL = 0;
				GCC_PREPROCESSOR_DEFINITIONS = (
					"DEBUG=1",
					"$(inherited)",
				);
				GCC_SYMBOLS_PRIVATE_EXTERN = NO;
				GCC_WARN_64_TO_32_BIT_CONVERSION = YES;
				GCC_WARN_ABOUT_RETURN_TYPE = YES_ERROR;
				GCC_WARN_UNDECLARED_SELECTOR = YES;
				GCC_WARN_UNINITIALIZED_AUTOS = YES_AGGRESSIVE;
				GCC_WARN_UNUSED_FUNCTION = YES;
				GCC_WARN_UNUSED_VARIABLE = YES;
				MACOSX_DEPLOYMENT_TARGET = 10.9;
				METAL_ENABLE_DEBUG_INFO = YES;
				ONLY_ACTIVE_ARCH = YES;
				SDKROOT = macosx;
			};
			name = Debug;
		};
		3033B19B193DFACE008F3E54 /* Release */ = {
			isa = XCBuildConfiguration;
			buildSettings = {
				ALWAYS_SEARCH_USER_PATHS = NO;
				CLANG_CXX_LANGUAGE_STANDARD = "gnu++0x";
				CLANG_CXX_LIBRARY = "libc++";
				CLANG_ENABLE_MODULES = YES;
				CLANG_ENABLE_OBJC_ARC = YES;
				CLANG_WARN_BOOL_CONVERSION = YES;
				CLANG_WARN_CONSTANT_CONVERSION = YES;
				CLANG_WARN_DIRECT_OBJC_ISA_USAGE = YES_ERROR;
				CLANG_WARN_EMPTY_BODY = YES;
				CLANG_WARN_ENUM_CONVERSION = YES;
				CLANG_WARN_INT_CONVERSION = YES;
				CLANG_WARN_OBJC_ROOT_CLASS = YES_ERROR;
				CLANG_WARN_UNREACHABLE_CODE = YES;
				CLANG_WARN__DUPLICATE_METHOD_MATCH = YES;
				CODE_SIGN_IDENTITY = "-";
				COPY_PHASE_STRIP = YES;
				DEBUG_INFORMATION_FORMAT = "dwarf-with-dsym";
				ENABLE_NS_ASSERTIONS = NO;
				ENABLE_STRICT_OBJC_MSGSEND = YES;
				GCC_C_LANGUAGE_STANDARD = gnu99;
				GCC_WARN_64_TO_32_BIT_CONVERSION = YES;
				GCC_WARN_ABOUT_RETURN_TYPE = YES_ERROR;
				GCC_WARN_UNDECLARED_SELECTOR = YES;
				GCC_WARN_UNINITIALIZED_AUTOS = YES_AGGRESSIVE;
				GCC_WARN_UNUSED_FUNCTION = YES;
				GCC_WARN_UNUSED_VARIABLE = YES;
				MACOSX_DEPLOYMENT_TARGET = 10.9;
				METAL_ENABLE_DEBUG_INFO = NO;
				SDKROOT = macosx;
			};
			name = Release;
		};
		3033B19D193DFACE008F3E54 /* Debug */ = {
			isa = XCBuildConfiguration;
			buildSettings = {
				ASSETCATALOG_COMPILER_APPICON_NAME = AppIcon;
				COMBINE_HIDPI_IMAGES = YES;
				INFOPLIST_FILE = objcTest/Info.plist;
				LD_RUNPATH_SEARCH_PATHS = "$(inherited) @executable_path/../Frameworks";
				PRODUCT_NAME = "$(TARGET_NAME)";
			};
			name = Debug;
		};
		3033B19E193DFACE008F3E54 /* Release */ = {
			isa = XCBuildConfiguration;
			buildSettings = {
				ASSETCATALOG_COMPILER_APPICON_NAME = AppIcon;
				COMBINE_HIDPI_IMAGES = YES;
				INFOPLIST_FILE = objcTest/Info.plist;
				LD_RUNPATH_SEARCH_PATHS = "$(inherited) @executable_path/../Frameworks";
				PRODUCT_NAME = "$(TARGET_NAME)";
			};
			name = Release;
		};
		3033B1A0193DFACE008F3E54 /* Debug */ = {
			isa = XCBuildConfiguration;
			buildSettings = {
				BUNDLE_LOADER = "$(BUILT_PRODUCTS_DIR)/objcTest.app/Contents/MacOS/objcTest";
				COMBINE_HIDPI_IMAGES = YES;
				FRAMEWORK_SEARCH_PATHS = (
					"$(DEVELOPER_FRAMEWORKS_DIR)",
					"$(inherited)",
				);
				GCC_PREPROCESSOR_DEFINITIONS = (
					"DEBUG=1",
					"$(inherited)",
				);
				INFOPLIST_FILE = objcTestTests/Info.plist;
				LD_RUNPATH_SEARCH_PATHS = "$(inherited) @executable_path/../Frameworks @loader_path/../Frameworks";
				METAL_ENABLE_DEBUG_INFO = YES;
				PRODUCT_NAME = "$(TARGET_NAME)";
				TEST_HOST = "$(BUNDLE_LOADER)";
			};
			name = Debug;
		};
		3033B1A1193DFACE008F3E54 /* Release */ = {
			isa = XCBuildConfiguration;
			buildSettings = {
				BUNDLE_LOADER = "$(BUILT_PRODUCTS_DIR)/objcTest.app/Contents/MacOS/objcTest";
				COMBINE_HIDPI_IMAGES = YES;
				FRAMEWORK_SEARCH_PATHS = (
					"$(DEVELOPER_FRAMEWORKS_DIR)",
					"$(inherited)",
				);
				INFOPLIST_FILE = objcTestTests/Info.plist;
				LD_RUNPATH_SEARCH_PATHS = "$(inherited) @executable_path/../Frameworks @loader_path/../Frameworks";
				METAL_ENABLE_DEBUG_INFO = NO;
				PRODUCT_NAME = "$(TARGET_NAME)";
				TEST_HOST = "$(BUNDLE_LOADER)";
			};
			name = Release;
		};
/* End XCBuildConfiguration section */

/* Begin XCConfigurationList section */
		3033B17A193DFACE008F3E54 /* Build configuration list for PBXProject "objcTest" */ = {
			isa = XCConfigurationList;
			buildConfigurations = (
				3033B19A193DFACE008F3E54 /* Debug */,
				3033B19B193DFACE008F3E54 /* Release */,
			);
			defaultConfigurationIsVisible = 0;
			defaultConfigurationName = Release;
		};
		3033B19C193DFACE008F3E54 /* Build configuration list for PBXNativeTarget "objcTest" */ = {
			isa = XCConfigurationList;
			buildConfigurations = (
				3033B19D193DFACE008F3E54 /* Debug */,
				3033B19E193DFACE008F3E54 /* Release */,
			);
			defaultConfigurationIsVisible = 0;
		};
		3033B19F193DFACE008F3E54 /* Build configuration list for PBXNativeTarget "objcTestTests" */ = {
			isa = XCConfigurationList;
			buildConfigurations = (
				3033B1A0193DFACE008F3E54 /* Debug */,
				3033B1A1193DFACE008F3E54 /* Release */,
			);
			defaultConfigurationIsVisible = 0;
		};
/* End XCConfigurationList section */
	};
	rootObject = 3033B177193DFACE008F3E54 /* Project object */;
}
